
Microsoft Visual Studio Solution File, Format Version 12.00
# Visual Studio 2013
VisualStudioVersion = 12.0.31101.0
MinimumVisualStudioVersion = 10.0.40219.1
Project("{FAE04EC0-301F-11D3-BF4B-00C04F79EFBC}") = "WorkingWithStyles.iOS", "iOS\WorkingWithStyles.iOS.csproj", "{CBBE5BC2-6575-48A9-9F5C-BFD418AFBF98}"
EndProject
Project("{FAE04EC0-301F-11D3-BF4B-00C04F79EFBC}") = "WorkingWithStyles.Android", "Android\WorkingWithStyles.Android.csproj", "{955FCA44-D2AB-49B8-897A-271D70288C05}"
EndProject
Project("{FAE04EC0-301F-11D3-BF4B-00C04F79EFBC}") = "WorkingWithStyles", "WorkingWithStyles\WorkingWithStyles.csproj", "{BA297923-2A0E-4042-AE3E-A57A271B379E}"
EndProject
Project("{2150E333-8FDC-42A3-9474-1A3956D46DE8}") = ".nuget", ".nuget", "{72306CAD-8770-4B6E-9C4C-F98323BF9526}"
	ProjectSection(SolutionItems) = preProject
		.nuget\NuGet.Config = .nuget\NuGet.Config
		.nuget\NuGet.exe = .nuget\NuGet.exe
		.nuget\NuGet.targets = .nuget\NuGet.targets
	EndProjectSection
EndProject
Project("{FAE04EC0-301F-11D3-BF4B-00C04F79EFBC}") = "WorkingWithStyles.WinApp", "WinStore\WorkingWithStyles.WinApp.csproj", "{98DAB5C4-786C-43F1-9CF3-F7FD37A44FB5}"
EndProject
Project("{FAE04EC0-301F-11D3-BF4B-00C04F79EFBC}") = "WorkingWithStyles.WinPhone81", "WinPhone81\WorkingWithStyles.WinPhone81.csproj", "{5E025CF2-F071-45AC-A578-2AD3560EE646}"
EndProject
Global
	GlobalSection(SolutionConfigurationPlatforms) = preSolution
		Ad-Hoc|Any CPU = Ad-Hoc|Any CPU
		Ad-Hoc|ARM = Ad-Hoc|ARM
		Ad-Hoc|iPhone = Ad-Hoc|iPhone
		Ad-Hoc|iPhoneSimulator = Ad-Hoc|iPhoneSimulator
		Ad-Hoc|Mixed Platforms = Ad-Hoc|Mixed Platforms
		Ad-Hoc|x64 = Ad-Hoc|x64
		Ad-Hoc|x86 = Ad-Hoc|x86
		AppStore|Any CPU = AppStore|Any CPU
		AppStore|ARM = AppStore|ARM
		AppStore|iPhone = AppStore|iPhone
		AppStore|iPhoneSimulator = AppStore|iPhoneSimulator
		AppStore|Mixed Platforms = AppStore|Mixed Platforms
		AppStore|x64 = AppStore|x64
		AppStore|x86 = AppStore|x86
		Debug|Any CPU = Debug|Any CPU
		Debug|ARM = Debug|ARM
		Debug|iPhone = Debug|iPhone
		Debug|iPhoneSimulator = Debug|iPhoneSimulator
		Debug|Mixed Platforms = Debug|Mixed Platforms
		Debug|x64 = Debug|x64
		Debug|x86 = Debug|x86
		Release|Any CPU = Release|Any CPU
		Release|ARM = Release|ARM
		Release|iPhone = Release|iPhone
		Release|iPhoneSimulator = Release|iPhoneSimulator
		Release|Mixed Platforms = Release|Mixed Platforms
		Release|x64 = Release|x64
		Release|x86 = Release|x86
	EndGlobalSection
	GlobalSection(ProjectConfigurationPlatforms) = postSolution
		{CBBE5BC2-6575-48A9-9F5C-BFD418AFBF98}.Ad-Hoc|Any CPU.ActiveCfg = Ad-Hoc|iPhoneSimulator
		{CBBE5BC2-6575-48A9-9F5C-BFD418AFBF98}.Ad-Hoc|ARM.ActiveCfg = Ad-Hoc|iPhoneSimulator
		{CBBE5BC2-6575-48A9-9F5C-BFD418AFBF98}.Ad-Hoc|iPhone.ActiveCfg = Ad-Hoc|iPhone
		{CBBE5BC2-6575-48A9-9F5C-BFD418AFBF98}.Ad-Hoc|iPhone.Build.0 = Ad-Hoc|iPhone
		{CBBE5BC2-6575-48A9-9F5C-BFD418AFBF98}.Ad-Hoc|iPhoneSimulator.ActiveCfg = Ad-Hoc|iPhoneSimulator
		{CBBE5BC2-6575-48A9-9F5C-BFD418AFBF98}.Ad-Hoc|iPhoneSimulator.Build.0 = Ad-Hoc|iPhoneSimulator
		{CBBE5BC2-6575-48A9-9F5C-BFD418AFBF98}.Ad-Hoc|Mixed Platforms.ActiveCfg = Ad-Hoc|iPhoneSimulator
		{CBBE5BC2-6575-48A9-9F5C-BFD418AFBF98}.Ad-Hoc|Mixed Platforms.Build.0 = Ad-Hoc|iPhoneSimulator
		{CBBE5BC2-6575-48A9-9F5C-BFD418AFBF98}.Ad-Hoc|x64.ActiveCfg = Ad-Hoc|iPhoneSimulator
		{CBBE5BC2-6575-48A9-9F5C-BFD418AFBF98}.Ad-Hoc|x86.ActiveCfg = Ad-Hoc|iPhoneSimulator
		{CBBE5BC2-6575-48A9-9F5C-BFD418AFBF98}.AppStore|Any CPU.ActiveCfg = AppStore|iPhoneSimulator
		{CBBE5BC2-6575-48A9-9F5C-BFD418AFBF98}.AppStore|ARM.ActiveCfg = AppStore|iPhoneSimulator
		{CBBE5BC2-6575-48A9-9F5C-BFD418AFBF98}.AppStore|iPhone.ActiveCfg = AppStore|iPhone
		{CBBE5BC2-6575-48A9-9F5C-BFD418AFBF98}.AppStore|iPhone.Build.0 = AppStore|iPhone
		{CBBE5BC2-6575-48A9-9F5C-BFD418AFBF98}.AppStore|iPhoneSimulator.ActiveCfg = AppStore|iPhoneSimulator
		{CBBE5BC2-6575-48A9-9F5C-BFD418AFBF98}.AppStore|iPhoneSimulator.Build.0 = AppStore|iPhoneSimulator
		{CBBE5BC2-6575-48A9-9F5C-BFD418AFBF98}.AppStore|Mixed Platforms.ActiveCfg = AppStore|iPhoneSimulator
		{CBBE5BC2-6575-48A9-9F5C-BFD418AFBF98}.AppStore|Mixed Platforms.Build.0 = AppStore|iPhoneSimulator
		{CBBE5BC2-6575-48A9-9F5C-BFD418AFBF98}.AppStore|x64.ActiveCfg = AppStore|iPhoneSimulator
		{CBBE5BC2-6575-48A9-9F5C-BFD418AFBF98}.AppStore|x86.ActiveCfg = AppStore|iPhoneSimulator
		{CBBE5BC2-6575-48A9-9F5C-BFD418AFBF98}.Debug|Any CPU.ActiveCfg = Debug|iPhoneSimulator
		{CBBE5BC2-6575-48A9-9F5C-BFD418AFBF98}.Debug|Any CPU.Build.0 = Debug|iPhoneSimulator
		{CBBE5BC2-6575-48A9-9F5C-BFD418AFBF98}.Debug|ARM.ActiveCfg = Debug|iPhone
		{CBBE5BC2-6575-48A9-9F5C-BFD418AFBF98}.Debug|iPhone.ActiveCfg = Debug|iPhone
		{CBBE5BC2-6575-48A9-9F5C-BFD418AFBF98}.Debug|iPhone.Build.0 = Debug|iPhone
		{CBBE5BC2-6575-48A9-9F5C-BFD418AFBF98}.Debug|iPhoneSimulator.ActiveCfg = Debug|iPhoneSimulator
		{CBBE5BC2-6575-48A9-9F5C-BFD418AFBF98}.Debug|iPhoneSimulator.Build.0 = Debug|iPhoneSimulator
		{CBBE5BC2-6575-48A9-9F5C-BFD418AFBF98}.Debug|Mixed Platforms.ActiveCfg = Debug|iPhone
		{CBBE5BC2-6575-48A9-9F5C-BFD418AFBF98}.Debug|Mixed Platforms.Build.0 = Debug|iPhone
		{CBBE5BC2-6575-48A9-9F5C-BFD418AFBF98}.Debug|x64.ActiveCfg = Debug|iPhone
		{CBBE5BC2-6575-48A9-9F5C-BFD418AFBF98}.Debug|x86.ActiveCfg = Debug|iPhone
		{CBBE5BC2-6575-48A9-9F5C-BFD418AFBF98}.Release|Any CPU.ActiveCfg = Release|iPhoneSimulator
		{CBBE5BC2-6575-48A9-9F5C-BFD418AFBF98}.Release|Any CPU.Build.0 = Release|iPhoneSimulator
		{CBBE5BC2-6575-48A9-9F5C-BFD418AFBF98}.Release|ARM.ActiveCfg = Release|iPhone
		{CBBE5BC2-6575-48A9-9F5C-BFD418AFBF98}.Release|iPhone.ActiveCfg = Release|iPhone
		{CBBE5BC2-6575-48A9-9F5C-BFD418AFBF98}.Release|iPhone.Build.0 = Release|iPhone
		{CBBE5BC2-6575-48A9-9F5C-BFD418AFBF98}.Release|iPhoneSimulator.ActiveCfg = Release|iPhoneSimulator
		{CBBE5BC2-6575-48A9-9F5C-BFD418AFBF98}.Release|iPhoneSimulator.Build.0 = Release|iPhoneSimulator
		{CBBE5BC2-6575-48A9-9F5C-BFD418AFBF98}.Release|Mixed Platforms.ActiveCfg = Release|iPhone
		{CBBE5BC2-6575-48A9-9F5C-BFD418AFBF98}.Release|Mixed Platforms.Build.0 = Release|iPhone
		{CBBE5BC2-6575-48A9-9F5C-BFD418AFBF98}.Release|x64.ActiveCfg = Release|iPhone
		{CBBE5BC2-6575-48A9-9F5C-BFD418AFBF98}.Release|x86.ActiveCfg = Release|iPhone
		{955FCA44-D2AB-49B8-897A-271D70288C05}.Ad-Hoc|Any CPU.ActiveCfg = Release|Any CPU
		{955FCA44-D2AB-49B8-897A-271D70288C05}.Ad-Hoc|Any CPU.Build.0 = Release|Any CPU
		{955FCA44-D2AB-49B8-897A-271D70288C05}.Ad-Hoc|Any CPU.Deploy.0 = Release|Any CPU
		{955FCA44-D2AB-49B8-897A-271D70288C05}.Ad-Hoc|ARM.ActiveCfg = Release|Any CPU
		{955FCA44-D2AB-49B8-897A-271D70288C05}.Ad-Hoc|iPhone.ActiveCfg = Debug|Any CPU
		{955FCA44-D2AB-49B8-897A-271D70288C05}.Ad-Hoc|iPhone.Build.0 = Debug|Any CPU
		{955FCA44-D2AB-49B8-897A-271D70288C05}.Ad-Hoc|iPhoneSimulator.ActiveCfg = Release|Any CPU
		{955FCA44-D2AB-49B8-897A-271D70288C05}.Ad-Hoc|Mixed Platforms.ActiveCfg = Release|Any CPU
		{955FCA44-D2AB-49B8-897A-271D70288C05}.Ad-Hoc|Mixed Platforms.Build.0 = Release|Any CPU
		{955FCA44-D2AB-49B8-897A-271D70288C05}.Ad-Hoc|Mixed Platforms.Deploy.0 = Release|Any CPU
		{955FCA44-D2AB-49B8-897A-271D70288C05}.Ad-Hoc|x64.ActiveCfg = Release|Any CPU
		{955FCA44-D2AB-49B8-897A-271D70288C05}.Ad-Hoc|x86.ActiveCfg = Release|Any CPU
		{955FCA44-D2AB-49B8-897A-271D70288C05}.AppStore|Any CPU.ActiveCfg = Release|Any CPU
		{955FCA44-D2AB-49B8-897A-271D70288C05}.AppStore|Any CPU.Build.0 = Release|Any CPU
		{955FCA44-D2AB-49B8-897A-271D70288C05}.AppStore|Any CPU.Deploy.0 = Release|Any CPU
		{955FCA44-D2AB-49B8-897A-271D70288C05}.AppStore|ARM.ActiveCfg = Release|Any CPU
		{955FCA44-D2AB-49B8-897A-271D70288C05}.AppStore|iPhone.ActiveCfg = Debug|Any CPU
		{955FCA44-D2AB-49B8-897A-271D70288C05}.AppStore|iPhone.Build.0 = Debug|Any CPU
		{955FCA44-D2AB-49B8-897A-271D70288C05}.AppStore|iPhoneSimulator.ActiveCfg = Release|Any CPU
		{955FCA44-D2AB-49B8-897A-271D70288C05}.AppStore|Mixed Platforms.ActiveCfg = Release|Any CPU
		{955FCA44-D2AB-49B8-897A-271D70288C05}.AppStore|Mixed Platforms.Build.0 = Release|Any CPU
		{955FCA44-D2AB-49B8-897A-271D70288C05}.AppStore|Mixed Platforms.Deploy.0 = Release|Any CPU
		{955FCA44-D2AB-49B8-897A-271D70288C05}.AppStore|x64.ActiveCfg = Release|Any CPU
		{955FCA44-D2AB-49B8-897A-271D70288C05}.AppStore|x86.ActiveCfg = Release|Any CPU
		{955FCA44-D2AB-49B8-897A-271D70288C05}.Debug|Any CPU.ActiveCfg = Debug|Any CPU
		{955FCA44-D2AB-49B8-897A-271D70288C05}.Debug|Any CPU.Build.0 = Debug|Any CPU
		{955FCA44-D2AB-49B8-897A-271D70288C05}.Debug|ARM.ActiveCfg = Debug|Any CPU
		{955FCA44-D2AB-49B8-897A-271D70288C05}.Debug|iPhone.ActiveCfg = Debug|Any CPU
		{955FCA44-D2AB-49B8-897A-271D70288C05}.Debug|iPhone.Build.0 = Debug|Any CPU
		{955FCA44-D2AB-49B8-897A-271D70288C05}.Debug|iPhoneSimulator.ActiveCfg = Debug|Any CPU
		{955FCA44-D2AB-49B8-897A-271D70288C05}.Debug|iPhoneSimulator.Build.0 = Debug|Any CPU
		{955FCA44-D2AB-49B8-897A-271D70288C05}.Debug|Mixed Platforms.ActiveCfg = Debug|Any CPU
		{955FCA44-D2AB-49B8-897A-271D70288C05}.Debug|Mixed Platforms.Build.0 = Debug|Any CPU
		{955FCA44-D2AB-49B8-897A-271D70288C05}.Debug|Mixed Platforms.Deploy.0 = Debug|Any CPU
		{955FCA44-D2AB-49B8-897A-271D70288C05}.Debug|x64.ActiveCfg = Debug|Any CPU
		{955FCA44-D2AB-49B8-897A-271D70288C05}.Debug|x86.ActiveCfg = Debug|Any CPU
		{955FCA44-D2AB-49B8-897A-271D70288C05}.Release|Any CPU.ActiveCfg = Release|Any CPU
		{955FCA44-D2AB-49B8-897A-271D70288C05}.Release|Any CPU.Build.0 = Release|Any CPU
		{955FCA44-D2AB-49B8-897A-271D70288C05}.Release|ARM.ActiveCfg = Release|Any CPU
		{955FCA44-D2AB-49B8-897A-271D70288C05}.Release|iPhone.ActiveCfg = Release|Any CPU
		{955FCA44-D2AB-49B8-897A-271D70288C05}.Release|iPhone.Build.0 = Release|Any CPU
		{955FCA44-D2AB-49B8-897A-271D70288C05}.Release|iPhoneSimulator.ActiveCfg = Release|Any CPU
		{955FCA44-D2AB-49B8-897A-271D70288C05}.Release|iPhoneSimulator.Build.0 = Release|Any CPU
		{955FCA44-D2AB-49B8-897A-271D70288C05}.Release|Mixed Platforms.ActiveCfg = Release|Any CPU
		{955FCA44-D2AB-49B8-897A-271D70288C05}.Release|Mixed Platforms.Build.0 = Release|Any CPU
		{955FCA44-D2AB-49B8-897A-271D70288C05}.Release|Mixed Platforms.Deploy.0 = Release|Any CPU
		{955FCA44-D2AB-49B8-897A-271D70288C05}.Release|x64.ActiveCfg = Release|Any CPU
		{955FCA44-D2AB-49B8-897A-271D70288C05}.Release|x86.ActiveCfg = Release|Any CPU
		{BA297923-2A0E-4042-AE3E-A57A271B379E}.Ad-Hoc|Any CPU.ActiveCfg = Release|Any CPU
		{BA297923-2A0E-4042-AE3E-A57A271B379E}.Ad-Hoc|Any CPU.Build.0 = Release|Any CPU
		{BA297923-2A0E-4042-AE3E-A57A271B379E}.Ad-Hoc|ARM.ActiveCfg = Release|Any CPU
		{BA297923-2A0E-4042-AE3E-A57A271B379E}.Ad-Hoc|iPhone.ActiveCfg = Debug|Any CPU
		{BA297923-2A0E-4042-AE3E-A57A271B379E}.Ad-Hoc|iPhone.Build.0 = Debug|Any CPU
		{BA297923-2A0E-4042-AE3E-A57A271B379E}.Ad-Hoc|iPhoneSimulator.ActiveCfg = Release|Any CPU
		{BA297923-2A0E-4042-AE3E-A57A271B379E}.Ad-Hoc|Mixed Platforms.ActiveCfg = Release|Any CPU
		{BA297923-2A0E-4042-AE3E-A57A271B379E}.Ad-Hoc|Mixed Platforms.Build.0 = Release|Any CPU
		{BA297923-2A0E-4042-AE3E-A57A271B379E}.Ad-Hoc|x64.ActiveCfg = Release|Any CPU
		{BA297923-2A0E-4042-AE3E-A57A271B379E}.Ad-Hoc|x86.ActiveCfg = Release|Any CPU
		{BA297923-2A0E-4042-AE3E-A57A271B379E}.AppStore|Any CPU.ActiveCfg = Release|Any CPU
		{BA297923-2A0E-4042-AE3E-A57A271B379E}.AppStore|Any CPU.Build.0 = Release|Any CPU
		{BA297923-2A0E-4042-AE3E-A57A271B379E}.AppStore|ARM.ActiveCfg = Release|Any CPU
		{BA297923-2A0E-4042-AE3E-A57A271B379E}.AppStore|iPhone.ActiveCfg = Debug|Any CPU
		{BA297923-2A0E-4042-AE3E-A57A271B379E}.AppStore|iPhone.Build.0 = Debug|Any CPU
		{BA297923-2A0E-4042-AE3E-A57A271B379E}.AppStore|iPhoneSimulator.ActiveCfg = Release|Any CPU
		{BA297923-2A0E-4042-AE3E-A57A271B379E}.AppStore|Mixed Platforms.ActiveCfg = Release|Any CPU
		{BA297923-2A0E-4042-AE3E-A57A271B379E}.AppStore|Mixed Platforms.Build.0 = Release|Any CPU
		{BA297923-2A0E-4042-AE3E-A57A271B379E}.AppStore|x64.ActiveCfg = Release|Any CPU
		{BA297923-2A0E-4042-AE3E-A57A271B379E}.AppStore|x86.ActiveCfg = Release|Any CPU
		{BA297923-2A0E-4042-AE3E-A57A271B379E}.Debug|Any CPU.ActiveCfg = Debug|Any CPU
		{BA297923-2A0E-4042-AE3E-A57A271B379E}.Debug|Any CPU.Build.0 = Debug|Any CPU
		{BA297923-2A0E-4042-AE3E-A57A271B379E}.Debug|ARM.ActiveCfg = Debug|Any CPU
		{BA297923-2A0E-4042-AE3E-A57A271B379E}.Debug|iPhone.ActiveCfg = Debug|Any CPU
		{BA297923-2A0E-4042-AE3E-A57A271B379E}.Debug|iPhone.Build.0 = Debug|Any CPU
		{BA297923-2A0E-4042-AE3E-A57A271B379E}.Debug|iPhoneSimulator.ActiveCfg = Debug|Any CPU
		{BA297923-2A0E-4042-AE3E-A57A271B379E}.Debug|iPhoneSimulator.Build.0 = Debug|Any CPU
		{BA297923-2A0E-4042-AE3E-A57A271B379E}.Debug|Mixed Platforms.ActiveCfg = Debug|Any CPU
		{BA297923-2A0E-4042-AE3E-A57A271B379E}.Debug|Mixed Platforms.Build.0 = Debug|Any CPU
		{BA297923-2A0E-4042-AE3E-A57A271B379E}.Debug|x64.ActiveCfg = Debug|Any CPU
		{BA297923-2A0E-4042-AE3E-A57A271B379E}.Debug|x86.ActiveCfg = Debug|Any CPU
		{BA297923-2A0E-4042-AE3E-A57A271B379E}.Release|Any CPU.ActiveCfg = Release|Any CPU
		{BA297923-2A0E-4042-AE3E-A57A271B379E}.Release|Any CPU.Build.0 = Release|Any CPU
		{BA297923-2A0E-4042-AE3E-A57A271B379E}.Release|ARM.ActiveCfg = Release|Any CPU
		{BA297923-2A0E-4042-AE3E-A57A271B379E}.Release|iPhone.ActiveCfg = Release|Any CPU
		{BA297923-2A0E-4042-AE3E-A57A271B379E}.Release|iPhone.Build.0 = Release|Any CPU
		{BA297923-2A0E-4042-AE3E-A57A271B379E}.Release|iPhoneSimulator.ActiveCfg = Release|Any CPU
		{BA297923-2A0E-4042-AE3E-A57A271B379E}.Release|iPhoneSimulator.Build.0 = Release|Any CPU
		{BA297923-2A0E-4042-AE3E-A57A271B379E}.Release|Mixed Platforms.ActiveCfg = Release|Any CPU
		{BA297923-2A0E-4042-AE3E-A57A271B379E}.Release|Mixed Platforms.Build.0 = Release|Any CPU
		{BA297923-2A0E-4042-AE3E-A57A271B379E}.Release|x64.ActiveCfg = Release|Any CPU
		{BA297923-2A0E-4042-AE3E-A57A271B379E}.Release|x86.ActiveCfg = Release|Any CPU
		{98DAB5C4-786C-43F1-9CF3-F7FD37A44FB5}.Ad-Hoc|Any CPU.ActiveCfg = Release|Any CPU
		{98DAB5C4-786C-43F1-9CF3-F7FD37A44FB5}.Ad-Hoc|Any CPU.Build.0 = Release|Any CPU
		{98DAB5C4-786C-43F1-9CF3-F7FD37A44FB5}.Ad-Hoc|Any CPU.Deploy.0 = Release|Any CPU
		{98DAB5C4-786C-43F1-9CF3-F7FD37A44FB5}.Ad-Hoc|ARM.ActiveCfg = Release|ARM
		{98DAB5C4-786C-43F1-9CF3-F7FD37A44FB5}.Ad-Hoc|ARM.Build.0 = Release|ARM
		{98DAB5C4-786C-43F1-9CF3-F7FD37A44FB5}.Ad-Hoc|ARM.Deploy.0 = Release|ARM
		{98DAB5C4-786C-43F1-9CF3-F7FD37A44FB5}.Ad-Hoc|iPhone.ActiveCfg = Release|Any CPU
		{98DAB5C4-786C-43F1-9CF3-F7FD37A44FB5}.Ad-Hoc|iPhoneSimulator.ActiveCfg = Release|Any CPU
		{98DAB5C4-786C-43F1-9CF3-F7FD37A44FB5}.Ad-Hoc|Mixed Platforms.ActiveCfg = Release|x86
		{98DAB5C4-786C-43F1-9CF3-F7FD37A44FB5}.Ad-Hoc|Mixed Platforms.Build.0 = Release|x86
		{98DAB5C4-786C-43F1-9CF3-F7FD37A44FB5}.Ad-Hoc|Mixed Platforms.Deploy.0 = Release|x86
		{98DAB5C4-786C-43F1-9CF3-F7FD37A44FB5}.Ad-Hoc|x64.ActiveCfg = Release|x64
		{98DAB5C4-786C-43F1-9CF3-F7FD37A44FB5}.Ad-Hoc|x64.Build.0 = Release|x64
		{98DAB5C4-786C-43F1-9CF3-F7FD37A44FB5}.Ad-Hoc|x64.Deploy.0 = Release|x64
		{98DAB5C4-786C-43F1-9CF3-F7FD37A44FB5}.Ad-Hoc|x86.ActiveCfg = Release|x86
		{98DAB5C4-786C-43F1-9CF3-F7FD37A44FB5}.Ad-Hoc|x86.Build.0 = Release|x86
		{98DAB5C4-786C-43F1-9CF3-F7FD37A44FB5}.Ad-Hoc|x86.Deploy.0 = Release|x86
		{98DAB5C4-786C-43F1-9CF3-F7FD37A44FB5}.AppStore|Any CPU.ActiveCfg = Release|Any CPU
		{98DAB5C4-786C-43F1-9CF3-F7FD37A44FB5}.AppStore|Any CPU.Build.0 = Release|Any CPU
		{98DAB5C4-786C-43F1-9CF3-F7FD37A44FB5}.AppStore|Any CPU.Deploy.0 = Release|Any CPU
		{98DAB5C4-786C-43F1-9CF3-F7FD37A44FB5}.AppStore|ARM.ActiveCfg = Release|ARM
		{98DAB5C4-786C-43F1-9CF3-F7FD37A44FB5}.AppStore|ARM.Build.0 = Release|ARM
		{98DAB5C4-786C-43F1-9CF3-F7FD37A44FB5}.AppStore|ARM.Deploy.0 = Release|ARM
		{98DAB5C4-786C-43F1-9CF3-F7FD37A44FB5}.AppStore|iPhone.ActiveCfg = Release|Any CPU
		{98DAB5C4-786C-43F1-9CF3-F7FD37A44FB5}.AppStore|iPhoneSimulator.ActiveCfg = Release|Any CPU
		{98DAB5C4-786C-43F1-9CF3-F7FD37A44FB5}.AppStore|Mixed Platforms.ActiveCfg = Release|x86
		{98DAB5C4-786C-43F1-9CF3-F7FD37A44FB5}.AppStore|Mixed Platforms.Build.0 = Release|x86
		{98DAB5C4-786C-43F1-9CF3-F7FD37A44FB5}.AppStore|Mixed Platforms.Deploy.0 = Release|x86
		{98DAB5C4-786C-43F1-9CF3-F7FD37A44FB5}.AppStore|x64.ActiveCfg = Release|x64
		{98DAB5C4-786C-43F1-9CF3-F7FD37A44FB5}.AppStore|x64.Build.0 = Release|x64
		{98DAB5C4-786C-43F1-9CF3-F7FD37A44FB5}.AppStore|x64.Deploy.0 = Release|x64
		{98DAB5C4-786C-43F1-9CF3-F7FD37A44FB5}.AppStore|x86.ActiveCfg = Release|x86
		{98DAB5C4-786C-43F1-9CF3-F7FD37A44FB5}.AppStore|x86.Build.0 = Release|x86
		{98DAB5C4-786C-43F1-9CF3-F7FD37A44FB5}.AppStore|x86.Deploy.0 = Release|x86
		{98DAB5C4-786C-43F1-9CF3-F7FD37A44FB5}.Debug|Any CPU.ActiveCfg = Debug|Any CPU
		{98DAB5C4-786C-43F1-9CF3-F7FD37A44FB5}.Debug|Any CPU.Build.0 = Debug|Any CPU
		{98DAB5C4-786C-43F1-9CF3-F7FD37A44FB5}.Debug|Any CPU.Deploy.0 = Debug|Any CPU
		{98DAB5C4-786C-43F1-9CF3-F7FD37A44FB5}.Debug|ARM.ActiveCfg = Debug|ARM
		{98DAB5C4-786C-43F1-9CF3-F7FD37A44FB5}.Debug|ARM.Build.0 = Debug|ARM
		{98DAB5C4-786C-43F1-9CF3-F7FD37A44FB5}.Debug|ARM.Deploy.0 = Debug|ARM
		{98DAB5C4-786C-43F1-9CF3-F7FD37A44FB5}.Debug|iPhone.ActiveCfg = Debug|Any CPU
		{98DAB5C4-786C-43F1-9CF3-F7FD37A44FB5}.Debug|iPhone.Build.0 = Debug|Any CPU
		{98DAB5C4-786C-43F1-9CF3-F7FD37A44FB5}.Debug|iPhone.Deploy.0 = Debug|Any CPU
		{98DAB5C4-786C-43F1-9CF3-F7FD37A44FB5}.Debug|iPhoneSimulator.ActiveCfg = Debug|Any CPU
		{98DAB5C4-786C-43F1-9CF3-F7FD37A44FB5}.Debug|Mixed Platforms.ActiveCfg = Debug|x86
		{98DAB5C4-786C-43F1-9CF3-F7FD37A44FB5}.Debug|Mixed Platforms.Build.0 = Debug|x86
		{98DAB5C4-786C-43F1-9CF3-F7FD37A44FB5}.Debug|Mixed Platforms.Deploy.0 = Debug|x86
		{98DAB5C4-786C-43F1-9CF3-F7FD37A44FB5}.Debug|x64.ActiveCfg = Debug|x64
		{98DAB5C4-786C-43F1-9CF3-F7FD37A44FB5}.Debug|x64.Build.0 = Debug|x64
		{98DAB5C4-786C-43F1-9CF3-F7FD37A44FB5}.Debug|x64.Deploy.0 = Debug|x64
		{98DAB5C4-786C-43F1-9CF3-F7FD37A44FB5}.Debug|x86.ActiveCfg = Debug|x86
		{98DAB5C4-786C-43F1-9CF3-F7FD37A44FB5}.Debug|x86.Build.0 = Debug|x86
		{98DAB5C4-786C-43F1-9CF3-F7FD37A44FB5}.Debug|x86.Deploy.0 = Debug|x86
		{98DAB5C4-786C-43F1-9CF3-F7FD37A44FB5}.Release|Any CPU.ActiveCfg = Release|Any CPU
		{98DAB5C4-786C-43F1-9CF3-F7FD37A44FB5}.Release|Any CPU.Build.0 = Release|Any CPU
		{98DAB5C4-786C-43F1-9CF3-F7FD37A44FB5}.Release|Any CPU.Deploy.0 = Release|Any CPU
		{98DAB5C4-786C-43F1-9CF3-F7FD37A44FB5}.Release|ARM.ActiveCfg = Release|ARM
		{98DAB5C4-786C-43F1-9CF3-F7FD37A44FB5}.Release|ARM.Build.0 = Release|ARM
		{98DAB5C4-786C-43F1-9CF3-F7FD37A44FB5}.Release|ARM.Deploy.0 = Release|ARM
		{98DAB5C4-786C-43F1-9CF3-F7FD37A44FB5}.Release|iPhone.ActiveCfg = Release|Any CPU
		{98DAB5C4-786C-43F1-9CF3-F7FD37A44FB5}.Release|iPhoneSimulator.ActiveCfg = Release|Any CPU
		{98DAB5C4-786C-43F1-9CF3-F7FD37A44FB5}.Release|Mixed Platforms.ActiveCfg = Release|x86
		{98DAB5C4-786C-43F1-9CF3-F7FD37A44FB5}.Release|Mixed Platforms.Build.0 = Release|x86
		{98DAB5C4-786C-43F1-9CF3-F7FD37A44FB5}.Release|Mixed Platforms.Deploy.0 = Release|x86
		{98DAB5C4-786C-43F1-9CF3-F7FD37A44FB5}.Release|x64.ActiveCfg = Release|x64
		{98DAB5C4-786C-43F1-9CF3-F7FD37A44FB5}.Release|x64.Build.0 = Release|x64
		{98DAB5C4-786C-43F1-9CF3-F7FD37A44FB5}.Release|x64.Deploy.0 = Release|x64
		{98DAB5C4-786C-43F1-9CF3-F7FD37A44FB5}.Release|x86.ActiveCfg = Release|x86
		{98DAB5C4-786C-43F1-9CF3-F7FD37A44FB5}.Release|x86.Build.0 = Release|x86
		{98DAB5C4-786C-43F1-9CF3-F7FD37A44FB5}.Release|x86.Deploy.0 = Release|x86
		{5E025CF2-F071-45AC-A578-2AD3560EE646}.Ad-Hoc|Any CPU.ActiveCfg = Release|Any CPU
		{5E025CF2-F071-45AC-A578-2AD3560EE646}.Ad-Hoc|Any CPU.Build.0 = Release|Any CPU
		{5E025CF2-F071-45AC-A578-2AD3560EE646}.Ad-Hoc|Any CPU.Deploy.0 = Release|Any CPU
		{5E025CF2-F071-45AC-A578-2AD3560EE646}.Ad-Hoc|ARM.ActiveCfg = Release|ARM
		{5E025CF2-F071-45AC-A578-2AD3560EE646}.Ad-Hoc|ARM.Build.0 = Release|ARM
		{5E025CF2-F071-45AC-A578-2AD3560EE646}.Ad-Hoc|ARM.Deploy.0 = Release|ARM
		{5E025CF2-F071-45AC-A578-2AD3560EE646}.Ad-Hoc|iPhone.ActiveCfg = Release|Any CPU
		{5E025CF2-F071-45AC-A578-2AD3560EE646}.Ad-Hoc|iPhoneSimulator.ActiveCfg = Release|Any CPU
		{5E025CF2-F071-45AC-A578-2AD3560EE646}.Ad-Hoc|Mixed Platforms.ActiveCfg = Release|x86
		{5E025CF2-F071-45AC-A578-2AD3560EE646}.Ad-Hoc|Mixed Platforms.Build.0 = Release|x86
		{5E025CF2-F071-45AC-A578-2AD3560EE646}.Ad-Hoc|Mixed Platforms.Deploy.0 = Release|x86
		{5E025CF2-F071-45AC-A578-2AD3560EE646}.Ad-Hoc|x64.ActiveCfg = Release|Any CPU
		{5E025CF2-F071-45AC-A578-2AD3560EE646}.Ad-Hoc|x86.ActiveCfg = Release|x86
		{5E025CF2-F071-45AC-A578-2AD3560EE646}.Ad-Hoc|x86.Build.0 = Release|x86
		{5E025CF2-F071-45AC-A578-2AD3560EE646}.Ad-Hoc|x86.Deploy.0 = Release|x86
		{5E025CF2-F071-45AC-A578-2AD3560EE646}.AppStore|Any CPU.ActiveCfg = Release|Any CPU
		{5E025CF2-F071-45AC-A578-2AD3560EE646}.AppStore|Any CPU.Build.0 = Release|Any CPU
		{5E025CF2-F071-45AC-A578-2AD3560EE646}.AppStore|Any CPU.Deploy.0 = Release|Any CPU
		{5E025CF2-F071-45AC-A578-2AD3560EE646}.AppStore|ARM.ActiveCfg = Release|ARM
		{5E025CF2-F071-45AC-A578-2AD3560EE646}.AppStore|ARM.Build.0 = Release|ARM
		{5E025CF2-F071-45AC-A578-2AD3560EE646}.AppStore|ARM.Deploy.0 = Release|ARM
		{5E025CF2-F071-45AC-A578-2AD3560EE646}.AppStore|iPhone.ActiveCfg = Release|Any CPU
		{5E025CF2-F071-45AC-A578-2AD3560EE646}.AppStore|iPhoneSimulator.ActiveCfg = Release|Any CPU
		{5E025CF2-F071-45AC-A578-2AD3560EE646}.AppStore|Mixed Platforms.ActiveCfg = Release|x86
		{5E025CF2-F071-45AC-A578-2AD3560EE646}.AppStore|Mixed Platforms.Build.0 = Release|x86
		{5E025CF2-F071-45AC-A578-2AD3560EE646}.AppStore|Mixed Platforms.Deploy.0 = Release|x86
		{5E025CF2-F071-45AC-A578-2AD3560EE646}.AppStore|x64.ActiveCfg = Release|Any CPU
		{5E025CF2-F071-45AC-A578-2AD3560EE646}.AppStore|x86.ActiveCfg = Release|x86
		{5E025CF2-F071-45AC-A578-2AD3560EE646}.AppStore|x86.Build.0 = Release|x86
		{5E025CF2-F071-45AC-A578-2AD3560EE646}.AppStore|x86.Deploy.0 = Release|x86
		{5E025CF2-F071-45AC-A578-2AD3560EE646}.Debug|Any CPU.ActiveCfg = Debug|Any CPU
		{5E025CF2-F071-45AC-A578-2AD3560EE646}.Debug|Any CPU.Build.0 = Debug|Any CPU
		{5E025CF2-F071-45AC-A578-2AD3560EE646}.Debug|Any CPU.Deploy.0 = Debug|Any CPU
		{5E025CF2-F071-45AC-A578-2AD3560EE646}.Debug|ARM.ActiveCfg = Debug|ARM
		{5E025CF2-F071-45AC-A578-2AD3560EE646}.Debug|ARM.Build.0 = Debug|ARM
		{5E025CF2-F071-45AC-A578-2AD3560EE646}.Debug|ARM.Deploy.0 = Debug|ARM
		{5E025CF2-F071-45AC-A578-2AD3560EE646}.Debug|iPhone.ActiveCfg = Debug|Any CPU
		{5E025CF2-F071-45AC-A578-2AD3560EE646}.Debug|iPhone.Build.0 = Debug|Any CPU
		{5E025CF2-F071-45AC-A578-2AD3560EE646}.Debug|iPhone.Deploy.0 = Debug|Any CPU
		{5E025CF2-F071-45AC-A578-2AD3560EE646}.Debug|iPhoneSimulator.ActiveCfg = Debug|Any CPU
		{5E025CF2-F071-45AC-A578-2AD3560EE646}.Debug|Mixed Platforms.ActiveCfg = Debug|x86
		{5E025CF2-F071-45AC-A578-2AD3560EE646}.Debug|Mixed Platforms.Build.0 = Debug|x86
		{5E025CF2-F071-45AC-A578-2AD3560EE646}.Debug|Mixed Platforms.Deploy.0 = Debug|x86
		{5E025CF2-F071-45AC-A578-2AD3560EE646}.Debug|x64.ActiveCfg = Debug|Any CPU
		{5E025CF2-F071-45AC-A578-2AD3560EE646}.Debug|x86.ActiveCfg = Debug|x86
		{5E025CF2-F071-45AC-A578-2AD3560EE646}.Debug|x86.Build.0 = Debug|x86
		{5E025CF2-F071-45AC-A578-2AD3560EE646}.Debug|x86.Deploy.0 = Debug|x86
		{5E025CF2-F071-45AC-A578-2AD3560EE646}.Release|Any CPU.ActiveCfg = Release|Any CPU
		{5E025CF2-F071-45AC-A578-2AD3560EE646}.Release|Any CPU.Build.0 = Release|Any CPU
		{5E025CF2-F071-45AC-A578-2AD3560EE646}.Release|Any CPU.Deploy.0 = Release|Any CPU
		{5E025CF2-F071-45AC-A578-2AD3560EE646}.Release|ARM.ActiveCfg = Release|ARM
		{5E025CF2-F071-45AC-A578-2AD3560EE646}.Release|ARM.Build.0 = Release|ARM
		{5E025CF2-F071-45AC-A578-2AD3560EE646}.Release|ARM.Deploy.0 = Release|ARM
		{5E025CF2-F071-45AC-A578-2AD3560EE646}.Release|iPhone.ActiveCfg = Release|Any CPU
		{5E025CF2-F071-45AC-A578-2AD3560EE646}.Release|iPhoneSimulator.ActiveCfg = Release|Any CPU
		{5E025CF2-F071-45AC-A578-2AD3560EE646}.Release|Mixed Platforms.ActiveCfg = Release|x86
		{5E025CF2-F071-45AC-A578-2AD3560EE646}.Release|Mixed Platforms.Build.0 = Release|x86
		{5E025CF2-F071-45AC-A578-2AD3560EE646}.Release|Mixed Platforms.Deploy.0 = Release|x86
		{5E025CF2-F071-45AC-A578-2AD3560EE646}.Release|x64.ActiveCfg = Release|Any CPU
		{5E025CF2-F071-45AC-A578-2AD3560EE646}.Release|x86.ActiveCfg = Release|x86
		{5E025CF2-F071-45AC-A578-2AD3560EE646}.Release|x86.Build.0 = Release|x86
		{5E025CF2-F071-45AC-A578-2AD3560EE646}.Release|x86.Deploy.0 = Release|x86
	EndGlobalSection
	GlobalSection(SolutionProperties) = preSolution
		HideSolutionNode = FALSE
	EndGlobalSection
EndGlobal
